
Microsoft Visual Studio Solution File, Format Version 12.00
# Visual Studio Version 16
VisualStudioVersion = 16.0.33130.400
MinimumVisualStudioVersion = 10.0.40219.1
Project("{D2ABAB84-BF74-430A-B69E-9DC6D40DDA17}") = "FlightMS_Cube", "FlightMS_Cube\FlightMS_Cube.dwproj", "{D169EDED-A384-47EA-B830-89E55BAAD818}"
EndProject
Global
	GlobalSection(SolutionConfigurationPlatforms) = preSolution
		Development|Default = Development|Default
	EndGlobalSection
	GlobalSection(ProjectConfigurationPlatforms) = postSolution
		{D169EDED-A384-47EA-B830-89E55BAAD818}.Development|Default.ActiveCfg = Development
		{D169EDED-A384-47EA-B830-89E55BAAD818}.Development|Default.Build.0 = Development
		{D169EDED-A384-47EA-B830-89E55BAAD818}.Development|Default.Deploy.0 = Development
	EndGlobalSection
	GlobalSection(SolutionProperties) = preSolution
		HideSolutionNode = FALSE
	EndGlobalSection
	GlobalSection(ExtensibilityGlobals) = postSolution
		SolutionGuid = {75AE63FF-6915-4B5B-999B-B81994361D18}
	EndGlobalSection
EndGlobal
